// !$*UTF8*$!
{
	archiveVersion = 1;
	classes = {
	};
	objectVersion = 50;
	objects = {

/* Begin PBXBuildFile section */
		5E15EF4E26C9E479008FB932 /* PasswordLockForTypeViewController.swift in Sources */ = {isa = PBXBuildFile; fileRef = 5E15EF4D26C9E479008FB932 /* PasswordLockForTypeViewController.swift */; };
		5ECA875526DF035A00593428 /* Swift4ErrorTypeViewController.swift in Sources */ = {isa = PBXBuildFile; fileRef = 5ECA875426DF035A00593428 /* Swift4ErrorTypeViewController.swift */; };
		5ED1643726C23B890077878B /* AppDelegate.swift in Sources */ = {isa = PBXBuildFile; fileRef = 5ED1643626C23B890077878B /* AppDelegate.swift */; };
		5ED1643926C23B890077878B /* SceneDelegate.swift in Sources */ = {isa = PBXBuildFile; fileRef = 5ED1643826C23B890077878B /* SceneDelegate.swift */; };
		5ED1643B26C23B890077878B /* ViewController.swift in Sources */ = {isa = PBXBuildFile; fileRef = 5ED1643A26C23B890077878B /* ViewController.swift */; };
		5ED1643E26C23B890077878B /* Main.storyboard in Resources */ = {isa = PBXBuildFile; fileRef = 5ED1643C26C23B890077878B /* Main.storyboard */; };
		5ED1644026C23B8C0077878B /* Assets.xcassets in Resources */ = {isa = PBXBuildFile; fileRef = 5ED1643F26C23B8C0077878B /* Assets.xcassets */; };
		5ED1644326C23B8C0077878B /* LaunchScreen.storyboard in Resources */ = {isa = PBXBuildFile; fileRef = 5ED1644126C23B8C0077878B /* LaunchScreen.storyboard */; };
		5ED1644E26C23C640077878B /* LockStateDetectionViewController.swift in Sources */ = {isa = PBXBuildFile; fileRef = 5ED1644D26C23C640077878B /* LockStateDetectionViewController.swift */; };
/* End PBXBuildFile section */

/* Begin PBXFileReference section */
		5E15EF4A26C77088008FB932 /* TypeAliases.playground */ = {isa = PBXFileReference; lastKnownFileType = file.playground; path = TypeAliases.playground; sourceTree = "<group>"; xcLanguageSpecificationIdentifier = xcode.lang.swift; };
		5E15EF4B26C9E29F008FB932 /* Tuples.playground */ = {isa = PBXFileReference; lastKnownFileType = file.playground; path = Tuples.playground; sourceTree = "<group>"; xcLanguageSpecificationIdentifier = xcode.lang.swift; };
		5E15EF4D26C9E479008FB932 /* PasswordLockForTypeViewController.swift */ = {isa = PBXFileReference; lastKnownFileType = sourcecode.swift; path = PasswordLockForTypeViewController.swift; sourceTree = "<group>"; };
		5E15EF4F26CB3F4E008FB932 /* AssertionsAndPreconditions.playground */ = {isa = PBXFileReference; lastKnownFileType = file.playground; path = AssertionsAndPreconditions.playground; sourceTree = "<group>"; xcLanguageSpecificationIdentifier = xcode.lang.swift; };
		5E4B38C526CC8A9600BDE00D /* Operators.playground */ = {isa = PBXFileReference; lastKnownFileType = file.playground; path = Operators.playground; sourceTree = "<group>"; xcLanguageSpecificationIdentifier = xcode.lang.swift; };
		5E70808926C4A41F000E3445 /* SwiftTour.playground */ = {isa = PBXFileReference; lastKnownFileType = file.playground; path = SwiftTour.playground; sourceTree = "<group>"; xcLanguageSpecificationIdentifier = xcode.lang.swift; };
		5E70808A26C4E2A1000E3445 /* ObjectAndClass.playground */ = {isa = PBXFileReference; lastKnownFileType = file.playground; path = ObjectAndClass.playground; sourceTree = "<group>"; xcLanguageSpecificationIdentifier = xcode.lang.swift; };
		5E70808B26C4E423000E3445 /* Enumerations&Structures.playground */ = {isa = PBXFileReference; lastKnownFileType = file.playground; path = "Enumerations&Structures.playground"; sourceTree = "<group>"; xcLanguageSpecificationIdentifier = xcode.lang.swift; };
		5EA86EFA26DA120400EDD911 /* StringsAndCharacters.playground */ = {isa = PBXFileReference; lastKnownFileType = file.playground; path = StringsAndCharacters.playground; sourceTree = "<group>"; xcLanguageSpecificationIdentifier = xcode.lang.swift; };
		5EC0CCAA26C5E9F4001B613E /* Protocol&Extension.playground */ = {isa = PBXFileReference; lastKnownFileType = file.playground; path = "Protocol&Extension.playground"; sourceTree = "<group>"; xcLanguageSpecificationIdentifier = xcode.lang.swift; };
		5EC0CCAB26C5EC75001B613E /* ErrorHandling.playground */ = {isa = PBXFileReference; lastKnownFileType = file.playground; path = ErrorHandling.playground; sourceTree = "<group>"; xcLanguageSpecificationIdentifier = xcode.lang.swift; };
		5EC0CCAC26C5EF9A001B613E /* Generics.playground */ = {isa = PBXFileReference; lastKnownFileType = file.playground; path = Generics.playground; sourceTree = "<group>"; xcLanguageSpecificationIdentifier = xcode.lang.swift; };
		5ECA875426DF035A00593428 /* Swift4ErrorTypeViewController.swift */ = {isa = PBXFileReference; lastKnownFileType = sourcecode.swift; path = Swift4ErrorTypeViewController.swift; sourceTree = "<group>"; };
		5ECA875626E04AA300593428 /* CollectionTypes.playground */ = {isa = PBXFileReference; lastKnownFileType = file.playground; path = CollectionTypes.playground; sourceTree = "<group>"; xcLanguageSpecificationIdentifier = xcode.lang.swift; };
		5ED1643326C23B890077878B /* ConvinientWriting.app */ = {isa = PBXFileReference; explicitFileType = wrapper.application; includeInIndex = 0; path = ConvinientWriting.app; sourceTree = BUILT_PRODUCTS_DIR; };
		5ED1643626C23B890077878B /* AppDelegate.swift */ = {isa = PBXFileReference; lastKnownFileType = sourcecode.swift; path = AppDelegate.swift; sourceTree = "<group>"; };
		5ED1643826C23B890077878B /* SceneDelegate.swift */ = {isa = PBXFileReference; lastKnownFileType = sourcecode.swift; path = SceneDelegate.swift; sourceTree = "<group>"; };
		5ED1643A26C23B890077878B /* ViewController.swift */ = {isa = PBXFileReference; lastKnownFileType = sourcecode.swift; path = ViewController.swift; sourceTree = "<group>"; };
		5ED1643D26C23B890077878B /* Base */ = {isa = PBXFileReference; lastKnownFileType = file.storyboard; name = Base; path = Base.lproj/Main.storyboard; sourceTree = "<group>"; };
		5ED1643F26C23B8C0077878B /* Assets.xcassets */ = {isa = PBXFileReference; lastKnownFileType = folder.assetcatalog; path = Assets.xcassets; sourceTree = "<group>"; };
		5ED1644226C23B8C0077878B /* Base */ = {isa = PBXFileReference; lastKnownFileType = file.storyboard; name = Base; path = Base.lproj/LaunchScreen.storyboard; sourceTree = "<group>"; };
		5ED1644426C23B8C0077878B /* Info.plist */ = {isa = PBXFileReference; lastKnownFileType = text.plist.xml; path = Info.plist; sourceTree = "<group>"; };
		5ED1644D26C23C640077878B /* LockStateDetectionViewController.swift */ = {isa = PBXFileReference; lastKnownFileType = sourcecode.swift; path = LockStateDetectionViewController.swift; sourceTree = "<group>"; };
/* End PBXFileReference section */

/* Begin PBXFrameworksBuildPhase section */
		5ED1643026C23B890077878B /* Frameworks */ = {
			isa = PBXFrameworksBuildPhase;
			buildActionMask = 2147483647;
			files = (
			);
			runOnlyForDeploymentPostprocessing = 0;
		};
/* End PBXFrameworksBuildPhase section */

/* Begin PBXGroup section */
		5E15EF4C26C9E459008FB932 /* PasswordLockForType */ = {
			isa = PBXGroup;
			children = (
				5E15EF4D26C9E479008FB932 /* PasswordLockForTypeViewController.swift */,
			);
			path = PasswordLockForType;
			sourceTree = "<group>";
		};
		5E4B38C426CC8A7900BDE00D /* BasicOperators */ = {
			isa = PBXGroup;
			children = (
				5EA86EFA26DA120400EDD911 /* StringsAndCharacters.playground */,
				5E4B38C526CC8A9600BDE00D /* Operators.playground */,
				5ECA875626E04AA300593428 /* CollectionTypes.playground */,
			);
			path = BasicOperators;
			sourceTree = "<group>";
		};
		5EC0CCAE26C5F2F1001B613E /* TheBasics */ = {
			isa = PBXGroup;
			children = (
				5E70808926C4A41F000E3445 /* SwiftTour.playground */,
				5E70808A26C4E2A1000E3445 /* ObjectAndClass.playground */,
				5E70808B26C4E423000E3445 /* Enumerations&Structures.playground */,
				5EC0CCAA26C5E9F4001B613E /* Protocol&Extension.playground */,
				5EC0CCAB26C5EC75001B613E /* ErrorHandling.playground */,
				5EC0CCAC26C5EF9A001B613E /* Generics.playground */,
				5E15EF4A26C77088008FB932 /* TypeAliases.playground */,
				5E15EF4B26C9E29F008FB932 /* Tuples.playground */,
				5E15EF4F26CB3F4E008FB932 /* AssertionsAndPreconditions.playground */,
			);
			path = TheBasics;
			sourceTree = "<group>";
		};
		5ECA875226DF033000593428 /* Swift4ErrorType */ = {
			isa = PBXGroup;
			children = (
				5ECA875426DF035A00593428 /* Swift4ErrorTypeViewController.swift */,
			);
			path = Swift4ErrorType;
			sourceTree = "<group>";
		};
		5ECA875326DF033E00593428 /* Feature */ = {
			isa = PBXGroup;
			children = (
				5ECA875226DF033000593428 /* Swift4ErrorType */,
				5ED1644C26C23C450077878B /* LockStateDetection */,
				5E15EF4C26C9E459008FB932 /* PasswordLockForType */,
			);
			path = Feature;
			sourceTree = "<group>";
		};
		5ED1642A26C23B890077878B = {
			isa = PBXGroup;
			children = (
				5ED1643526C23B890077878B /* ConvinientWriting */,
				5ED1643426C23B890077878B /* Products */,
			);
			sourceTree = "<group>";
		};
		5ED1643426C23B890077878B /* Products */ = {
			isa = PBXGroup;
			children = (
				5ED1643326C23B890077878B /* ConvinientWriting.app */,
			);
			name = Products;
			sourceTree = "<group>";
		};
		5ED1643526C23B890077878B /* ConvinientWriting */ = {
			isa = PBXGroup;
			children = (
				5ECA875326DF033E00593428 /* Feature */,
				5ED1644A26C23B9A0077878B /* Playground */,
				5ED1643626C23B890077878B /* AppDelegate.swift */,
				5ED1643826C23B890077878B /* SceneDelegate.swift */,
				5ED1643A26C23B890077878B /* ViewController.swift */,
				5ED1643C26C23B890077878B /* Main.storyboard */,
				5ED1643F26C23B8C0077878B /* Assets.xcassets */,
				5ED1644126C23B8C0077878B /* LaunchScreen.storyboard */,
				5ED1644426C23B8C0077878B /* Info.plist */,
			);
			path = ConvinientWriting;
			sourceTree = "<group>";
		};
		5ED1644A26C23B9A0077878B /* Playground */ = {
			isa = PBXGroup;
			children = (
				5EC0CCAE26C5F2F1001B613E /* TheBasics */,
				5E4B38C426CC8A7900BDE00D /* BasicOperators */,
			);
			path = Playground;
			sourceTree = "<group>";
		};
		5ED1644C26C23C450077878B /* LockStateDetection */ = {
			isa = PBXGroup;
			children = (
				5ED1644D26C23C640077878B /* LockStateDetectionViewController.swift */,
			);
			path = LockStateDetection;
			sourceTree = "<group>";
		};
/* End PBXGroup section */

/* Begin PBXNativeTarget section */
		5ED1643226C23B890077878B /* ConvinientWriting */ = {
			isa = PBXNativeTarget;
			buildConfigurationList = 5ED1644726C23B8C0077878B /* Build configuration list for PBXNativeTarget "ConvinientWriting" */;
			buildPhases = (
				5ED1642F26C23B890077878B /* Sources */,
				5ED1643026C23B890077878B /* Frameworks */,
				5ED1643126C23B890077878B /* Resources */,
			);
			buildRules = (
			);
			dependencies = (
			);
			name = ConvinientWriting;
			productName = ConvinientWriting;
			productReference = 5ED1643326C23B890077878B /* ConvinientWriting.app */;
			productType = "com.apple.product-type.application";
		};
/* End PBXNativeTarget section */

/* Begin PBXProject section */
		5ED1642B26C23B890077878B /* Project object */ = {
			isa = PBXProject;
			attributes = {
				LastSwiftUpdateCheck = 1250;
				LastUpgradeCheck = 1250;
				TargetAttributes = {
					5ED1643226C23B890077878B = {
						CreatedOnToolsVersion = 12.5.1;
					};
				};
			};
			buildConfigurationList = 5ED1642E26C23B890077878B /* Build configuration list for PBXProject "ConvinientWriting" */;
			compatibilityVersion = "Xcode 9.3";
			developmentRegion = en;
			hasScannedForEncodings = 0;
			knownRegions = (
				en,
				Base,
			);
			mainGroup = 5ED1642A26C23B890077878B;
			productRefGroup = 5ED1643426C23B890077878B /* Products */;
			projectDirPath = "";
			projectRoot = "";
			targets = (
				5ED1643226C23B890077878B /* ConvinientWriting */,
			);
		};
/* End PBXProject section */

/* Begin PBXResourcesBuildPhase section */
		5ED1643126C23B890077878B /* Resources */ = {
			isa = PBXResourcesBuildPhase;
			buildActionMask = 2147483647;
			files = (
				5ED1644326C23B8C0077878B /* LaunchScreen.storyboard in Resources */,
				5ED1644026C23B8C0077878B /* Assets.xcassets in Resources */,
				5ED1643E26C23B890077878B /* Main.storyboard in Resources */,
			);
			runOnlyForDeploymentPostprocessing = 0;
		};
/* End PBXResourcesBuildPhase section */

/* Begin PBXSourcesBuildPhase section */
		5ED1642F26C23B890077878B /* Sources */ = {
			isa = PBXSourcesBuildPhase;
			buildActionMask = 2147483647;
			files = (
				5ED1643B26C23B890077878B /* ViewController.swift in Sources */,
				5ED1644E26C23C640077878B /* LockStateDetectionViewController.swift in Sources */,
				5ED1643726C23B890077878B /* AppDelegate.swift in Sources */,
				5E15EF4E26C9E479008FB932 /* PasswordLockForTypeViewController.swift in Sources */,
				5ECA875526DF035A00593428 /* Swift4ErrorTypeViewController.swift in Sources */,
				5ED1643926C23B890077878B /* SceneDelegate.swift in Sources */,
			);
			runOnlyForDeploymentPostprocessing = 0;
		};
/* End PBXSourcesBuildPhase section */

/* Begin PBXVariantGroup section */
		5ED1643C26C23B890077878B /* Main.storyboard */ = {
			isa = PBXVariantGroup;
			children = (
				5ED1643D26C23B890077878B /* Base */,
			);
			name = Main.storyboard;
			sourceTree = "<group>";
		};
		5ED1644126C23B8C0077878B /* LaunchScreen.storyboard */ = {
			isa = PBXVariantGroup;
			children = (
				5ED1644226C23B8C0077878B /* Base */,
			);
			name = LaunchScreen.storyboard;
			sourceTree = "<group>";
		};
/* End PBXVariantGroup section */

/* Begin XCBuildConfiguration section */
		5ED1644526C23B8C0077878B /* Debug */ = {
			isa = XCBuildConfiguration;
			buildSettings = {
				ALWAYS_SEARCH_USER_PATHS = NO;
				CLANG_ANALYZER_NONNULL = YES;
				CLANG_ANALYZER_NUMBER_OBJECT_CONVERSION = YES_AGGRESSIVE;
				CLANG_CXX_LANGUAGE_STANDARD = "gnu++14";
				CLANG_CXX_LIBRARY = "libc++";
				CLANG_ENABLE_MODULES = YES;
				CLANG_ENABLE_OBJC_ARC = YES;
				CLANG_ENABLE_OBJC_WEAK = YES;
				CLANG_WARN_BLOCK_CAPTURE_AUTORELEASING = YES;
				CLANG_WARN_BOOL_CONVERSION = YES;
				CLANG_WARN_COMMA = YES;
				CLANG_WARN_CONSTANT_CONVERSION = YES;
				CLANG_WARN_DEPRECATED_OBJC_IMPLEMENTATIONS = YES;
				CLANG_WARN_DIRECT_OBJC_ISA_USAGE = YES_ERROR;
				CLANG_WARN_DOCUMENTATION_COMMENTS = YES;
				CLANG_WARN_EMPTY_BODY = YES;
				CLANG_WARN_ENUM_CONVERSION = YES;
				CLANG_WARN_INFINITE_RECURSION = YES;
				CLANG_WARN_INT_CONVERSION = YES;
				CLANG_WARN_NON_LITERAL_NULL_CONVERSION = YES;
				CLANG_WARN_OBJC_IMPLICIT_RETAIN_SELF = YES;
				CLANG_WARN_OBJC_LITERAL_CONVERSION = YES;
				CLANG_WARN_OBJC_ROOT_CLASS = YES_ERROR;
				CLANG_WARN_QUOTED_INCLUDE_IN_FRAMEWORK_HEADER = YES;
				CLANG_WARN_RANGE_LOOP_ANALYSIS = YES;
				CLANG_WARN_STRICT_PROTOTYPES = YES;
				CLANG_WARN_SUSPICIOUS_MOVE = YES;
				CLANG_WARN_UNGUARDED_AVAILABILITY = YES_AGGRESSIVE;
				CLANG_WARN_UNREACHABLE_CODE = YES;
				CLANG_WARN__DUPLICATE_METHOD_MATCH = YES;
				COPY_PHASE_STRIP = NO;
				DEBUG_INFORMATION_FORMAT = dwarf;
				ENABLE_STRICT_OBJC_MSGSEND = YES;
				ENABLE_TESTABILITY = YES;
				GCC_C_LANGUAGE_STANDARD = gnu11;
				GCC_DYNAMIC_NO_PIC = NO;
				GCC_NO_COMMON_BLOCKS = YES;
				GCC_OPTIMIZATION_LEVEL = 0;
				GCC_PREPROCESSOR_DEFINITIONS = (
					"DEBUG=1",
					"$(inherited)",
				);
				GCC_WARN_64_TO_32_BIT_CONVERSION = YES;
				GCC_WARN_ABOUT_RETURN_TYPE = YES_ERROR;
				GCC_WARN_UNDECLARED_SELECTOR = YES;
				GCC_WARN_UNINITIALIZED_AUTOS = YES_AGGRESSIVE;
				GCC_WARN_UNUSED_FUNCTION = YES;
				GCC_WARN_UNUSED_VARIABLE = YES;
				IPHONEOS_DEPLOYMENT_TARGET = 14.5;
				MTL_ENABLE_DEBUG_INFO = INCLUDE_SOURCE;
				MTL_FAST_MATH = YES;
				ONLY_ACTIVE_ARCH = YES;
				SDKROOT = iphoneos;
				SWIFT_ACTIVE_COMPILATION_CONDITIONS = DEBUG;
				SWIFT_OPTIMIZATION_LEVEL = "-Onone";
			};
			name = Debug;
		};
		5ED1644626C23B8C0077878B /* Release */ = {
			isa = XCBuildConfiguration;
			buildSettings = {
				ALWAYS_SEARCH_USER_PATHS = NO;
				CLANG_ANALYZER_NONNULL = YES;
				CLANG_ANALYZER_NUMBER_OBJECT_CONVERSION = YES_AGGRESSIVE;
				CLANG_CXX_LANGUAGE_STANDARD = "gnu++14";
				CLANG_CXX_LIBRARY = "libc++";
				CLANG_ENABLE_MODULES = YES;
				CLANG_ENABLE_OBJC_ARC = YES;
				CLANG_ENABLE_OBJC_WEAK = YES;
				CLANG_WARN_BLOCK_CAPTURE_AUTORELEASING = YES;
				CLANG_WARN_BOOL_CONVERSION = YES;
				CLANG_WARN_COMMA = YES;
				CLANG_WARN_CONSTANT_CONVERSION = YES;
				CLANG_WARN_DEPRECATED_OBJC_IMPLEMENTATIONS = YES;
				CLANG_WARN_DIRECT_OBJC_ISA_USAGE = YES_ERROR;
				CLANG_WARN_DOCUMENTATION_COMMENTS = YES;
				CLANG_WARN_EMPTY_BODY = YES;
				CLANG_WARN_ENUM_CONVERSION = YES;
				CLANG_WARN_INFINITE_RECURSION = YES;
				CLANG_WARN_INT_CONVERSION = YES;
				CLANG_WARN_NON_LITERAL_NULL_CONVERSION = YES;
				CLANG_WARN_OBJC_IMPLICIT_RETAIN_SELF = YES;
				CLANG_WARN_OBJC_LITERAL_CONVERSION = YES;
				CLANG_WARN_OBJC_ROOT_CLASS = YES_ERROR;
				CLANG_WARN_QUOTED_INCLUDE_IN_FRAMEWORK_HEADER = YES;
				CLANG_WARN_RANGE_LOOP_ANALYSIS = YES;
				CLANG_WARN_STRICT_PROTOTYPES = YES;
				CLANG_WARN_SUSPICIOUS_MOVE = YES;
				CLANG_WARN_UNGUARDED_AVAILABILITY = YES_AGGRESSIVE;
				CLANG_WARN_UNREACHABLE_CODE = YES;
				CLANG_WARN__DUPLICATE_METHOD_MATCH = YES;
				COPY_PHASE_STRIP = NO;
				DEBUG_INFORMATION_FORMAT = "dwarf-with-dsym";
				ENABLE_NS_ASSERTIONS = NO;
				ENABLE_STRICT_OBJC_MSGSEND = YES;
				GCC_C_LANGUAGE_STANDARD = gnu11;
				GCC_NO_COMMON_BLOCKS = YES;
				GCC_WARN_64_TO_32_BIT_CONVERSION = YES;
				GCC_WARN_ABOUT_RETURN_TYPE = YES_ERROR;
				GCC_WARN_UNDECLARED_SELECTOR = YES;
				GCC_WARN_UNINITIALIZED_AUTOS = YES_AGGRESSIVE;
				GCC_WARN_UNUSED_FUNCTION = YES;
				GCC_WARN_UNUSED_VARIABLE = YES;
				IPHONEOS_DEPLOYMENT_TARGET = 14.5;
				MTL_ENABLE_DEBUG_INFO = NO;
				MTL_FAST_MATH = YES;
				SDKROOT = iphoneos;
				SWIFT_COMPILATION_MODE = wholemodule;
				SWIFT_OPTIMIZATION_LEVEL = "-O";
				VALIDATE_PRODUCT = YES;
			};
			name = Release;
		};
		5ED1644826C23B8C0077878B /* Debug */ = {
			isa = XCBuildConfiguration;
			buildSettings = {
				ASSETCATALOG_COMPILER_APPICON_NAME = AppIcon;
				ASSETCATALOG_COMPILER_GLOBAL_ACCENT_COLOR_NAME = AccentColor;
				CODE_SIGN_STYLE = Automatic;
				DEVELOPMENT_TEAM = PCCZJUYRT6;
				INFOPLIST_FILE = ConvinientWriting/Info.plist;
				LD_RUNPATH_SEARCH_PATHS = (
					"$(inherited)",
					"@executable_path/Frameworks",
				);
				PRODUCT_BUNDLE_IDENTIFIER = kazua.ConvinientWriting;
				PRODUCT_NAME = "$(TARGET_NAME)";
				SWIFT_VERSION = 5.0;
				TARGETED_DEVICE_FAMILY = "1,2";
			};
			name = Debug;
		};
		5ED1644926C23B8C0077878B /* Release */ = {
			isa = XCBuildConfiguration;
			buildSettings = {
				ASSETCATALOG_COMPILER_APPICON_NAME = AppIcon;
				ASSETCATALOG_COMPILER_GLOBAL_ACCENT_COLOR_NAME = AccentColor;
				CODE_SIGN_STYLE = Automatic;
				DEVELOPMENT_TEAM = PCCZJUYRT6;
				INFOPLIST_FILE = ConvinientWriting/Info.plist;
				LD_RUNPATH_SEARCH_PATHS = (
					"$(inherited)",
					"@executable_path/Frameworks",
				);
				PRODUCT_BUNDLE_IDENTIFIER = kazua.ConvinientWriting;
				PRODUCT_NAME = "$(TARGET_NAME)";
				SWIFT_VERSION = 5.0;
				TARGETED_DEVICE_FAMILY = "1,2";
			};
			name = Release;
		};
/* End XCBuildConfiguration section */

/* Begin XCConfigurationList section */
		5ED1642E26C23B890077878B /* Build configuration list for PBXProject "ConvinientWriting" */ = {
			isa = XCConfigurationList;
			buildConfigurations = (
				5ED1644526C23B8C0077878B /* Debug */,
				5ED1644626C23B8C0077878B /* Release */,
			);
			defaultConfigurationIsVisible = 0;
			defaultConfigurationName = Release;
		};
		5ED1644726C23B8C0077878B /* Build configuration list for PBXNativeTarget "ConvinientWriting" */ = {
			isa = XCConfigurationList;
			buildConfigurations = (
				5ED1644826C23B8C0077878B /* Debug */,
				5ED1644926C23B8C0077878B /* Release */,
			);
			defaultConfigurationIsVisible = 0;
			defaultConfigurationName = Release;
		};
/* End XCConfigurationList section */
	};
	rootObject = 5ED1642B26C23B890077878B /* Project object */;
}
